
Microsoft Visual Studio Solution File, Format Version 12.00
# Visual Studio Version 16
VisualStudioVersion = 16.0.30114.105
MinimumVisualStudioVersion = 10.0.40219.1
Project("{8BC9CEB8-8B4A-11D0-8D11-00A0C91BC942}") = "MathJO", "MathJO.vcxproj", "{A21D0A7D-4BC6-4330-9A2C-894A42BF6B8E}"
EndProject
Global
	GlobalSection(SolutionConfigurationPlatforms) = preSolution
		Debug|x64 = Debug|x64
		Debug|x86 = Debug|x86
		Release|x64 = Release|x64
		Release|x86 = Release|x86
	EndGlobalSection
	GlobalSection(ProjectConfigurationPlatforms) = postSolution
		{A21D0A7D-4BC6-4330-9A2C-894A42BF6B8E}.Debug|x64.ActiveCfg = Debug|x64
		{A21D0A7D-4BC6-4330-9A2C-894A42BF6B8E}.Debug|x64.Build.0 = Debug|x64
		{A21D0A7D-4BC6-4330-9A2C-894A42BF6B8E}.Debug|x86.ActiveCfg = Debug|Win32
		{A21D0A7D-4BC6-4330-9A2C-894A42BF6B8E}.Debug|x86.Build.0 = Debug|Win32
		{A21D0A7D-4BC6-4330-9A2C-894A42BF6B8E}.Release|x64.ActiveCfg = Release|x64
		{A21D0A7D-4BC6-4330-9A2C-894A42BF6B8E}.Release|x64.Build.0 = Release|x64
		{A21D0A7D-4BC6-4330-9A2C-894A42BF6B8E}.Release|x86.ActiveCfg = Release|Win32
		{A21D0A7D-4BC6-4330-9A2C-894A42BF6B8E}.Release|x86.Build.0 = Release|Win32
	EndGlobalSection
	GlobalSection(SolutionProperties) = preSolution
		HideSolutionNode = FALSE
	EndGlobalSection
	GlobalSection(ExtensibilityGlobals) = postSolution
		SolutionGuid = {9ADB0263-E95B-4E91-BA8B-88AA9FB0F95A}
	EndGlobalSection
EndGlobal
